
Microsoft Visual Studio Solution File, Format Version 12.00
# Visual Studio Version 17
VisualStudioVersion = 17.13.35825.156 d17.13
MinimumVisualStudioVersion = 10.0.40219.1
Project("{FAE04EC0-301F-11D3-BF4B-00C04F79EFBC}") = "CryptoTrade", "CryptoTrade.csproj", "{34CDE4E5-C2E6-4BA7-9EDB-F579CCFDDB2F}"
EndProject
Global
	GlobalSection(SolutionConfigurationPlatforms) = preSolution
		Debug|Any CPU = Debug|Any CPU
		Release|Any CPU = Release|Any CPU
	EndGlobalSection
	GlobalSection(ProjectConfigurationPlatforms) = postSolution
		{34CDE4E5-C2E6-4BA7-9EDB-F579CCFDDB2F}.Debug|Any CPU.ActiveCfg = Debug|Any CPU
		{34CDE4E5-C2E6-4BA7-9EDB-F579CCFDDB2F}.Debug|Any CPU.Build.0 = Debug|Any CPU
		{34CDE4E5-C2E6-4BA7-9EDB-F579CCFDDB2F}.Release|Any CPU.ActiveCfg = Release|Any CPU
		{34CDE4E5-C2E6-4BA7-9EDB-F579CCFDDB2F}.Release|Any CPU.Build.0 = Release|Any CPU
	EndGlobalSection
	GlobalSection(SolutionProperties) = preSolution
		HideSolutionNode = FALSE
	EndGlobalSection
	GlobalSection(ExtensibilityGlobals) = postSolution
		SolutionGuid = {48975F9B-8CFC-4E2E-8654-CD0F161E9EAF}
	EndGlobalSection
EndGlobal
